
Microsoft Visual Studio Solution File, Format Version 12.00
# Visual Studio 2013
VisualStudioVersion = 12.0.31101.0
MinimumVisualStudioVersion = 10.0.40219.1
Project("{F2A71F9B-5D33-465A-A702-920D77279786}") = "FDigits", "FDigits\FDigits.fsproj", "{C4650AC3-0771-42C0-A64E-962AB48A97FC}"
EndProject
Global
	GlobalSection(SolutionConfigurationPlatforms) = preSolution
		Debug|Any CPU = Debug|Any CPU
		Release|Any CPU = Release|Any CPU
	EndGlobalSection
	GlobalSection(ProjectConfigurationPlatforms) = postSolution
		{C4650AC3-0771-42C0-A64E-962AB48A97FC}.Debug|Any CPU.ActiveCfg = Debug|Any CPU
		{C4650AC3-0771-42C0-A64E-962AB48A97FC}.Debug|Any CPU.Build.0 = Debug|Any CPU
		{C4650AC3-0771-42C0-A64E-962AB48A97FC}.Release|Any CPU.ActiveCfg = Release|Any CPU
		{C4650AC3-0771-42C0-A64E-962AB48A97FC}.Release|Any CPU.Build.0 = Release|Any CPU
	EndGlobalSection
	GlobalSection(SolutionProperties) = preSolution
		HideSolutionNode = FALSE
	EndGlobalSection
EndGlobal
